// !$*UTF8*$!
{
	archiveVersion = 1;
	classes = {
	};
	objectVersion = 46;
	objects = {

/* Begin PBXBuildFile section */
		E06E852D1F2592C800E76D1B /* AppDelegate.swift in Sources */ = {isa = PBXBuildFile; fileRef = E06E852C1F2592C800E76D1B /* AppDelegate.swift */; };
		E06E852F1F2592C800E76D1B /* ViewController.swift in Sources */ = {isa = PBXBuildFile; fileRef = E06E852E1F2592C800E76D1B /* ViewController.swift */; };
		E06E85321F2592C800E76D1B /* Main.storyboard in Resources */ = {isa = PBXBuildFile; fileRef = E06E85301F2592C800E76D1B /* Main.storyboard */; };
		E06E85351F2592C800E76D1B /* Training_iOS_HoaLT_Exercise_3.xcdatamodeld in Sources */ = {isa = PBXBuildFile; fileRef = E06E85331F2592C800E76D1B /* Training_iOS_HoaLT_Exercise_3.xcdatamodeld */; };
		E06E85371F2592C800E76D1B /* Assets.xcassets in Resources */ = {isa = PBXBuildFile; fileRef = E06E85361F2592C800E76D1B /* Assets.xcassets */; };
		E06E853A1F2592C800E76D1B /* LaunchScreen.storyboard in Resources */ = {isa = PBXBuildFile; fileRef = E06E85381F2592C800E76D1B /* LaunchScreen.storyboard */; };
		E06E85451F2592C800E76D1B /* Training_iOS_HoaLT_Exercise_3Tests.swift in Sources */ = {isa = PBXBuildFile; fileRef = E06E85441F2592C800E76D1B /* Training_iOS_HoaLT_Exercise_3Tests.swift */; };
		E06E85501F2592C800E76D1B /* Training_iOS_HoaLT_Exercise_3UITests.swift in Sources */ = {isa = PBXBuildFile; fileRef = E06E854F1F2592C800E76D1B /* Training_iOS_HoaLT_Exercise_3UITests.swift */; };
/* End PBXBuildFile section */

/* Begin PBXContainerItemProxy section */
		E06E85411F2592C800E76D1B /* PBXContainerItemProxy */ = {
			isa = PBXContainerItemProxy;
			containerPortal = E06E85211F2592C800E76D1B /* Project object */;
			proxyType = 1;
			remoteGlobalIDString = E06E85281F2592C800E76D1B;
			remoteInfo = "Training iOS HoaLT Exercise 3";
		};
		E06E854C1F2592C800E76D1B /* PBXContainerItemProxy */ = {
			isa = PBXContainerItemProxy;
			containerPortal = E06E85211F2592C800E76D1B /* Project object */;
			proxyType = 1;
			remoteGlobalIDString = E06E85281F2592C800E76D1B;
			remoteInfo = "Training iOS HoaLT Exercise 3";
		};
/* End PBXContainerItemProxy section */

/* Begin PBXFileReference section */
		E06E85291F2592C800E76D1B /* Training iOS HoaLT Exercise 3.app */ = {isa = PBXFileReference; explicitFileType = wrapper.application; includeInIndex = 0; path = "Training iOS HoaLT Exercise 3.app"; sourceTree = BUILT_PRODUCTS_DIR; };
		E06E852C1F2592C800E76D1B /* AppDelegate.swift */ = {isa = PBXFileReference; lastKnownFileType = sourcecode.swift; path = AppDelegate.swift; sourceTree = "<group>"; };
		E06E852E1F2592C800E76D1B /* ViewController.swift */ = {isa = PBXFileReference; lastKnownFileType = sourcecode.swift; path = ViewController.swift; sourceTree = "<group>"; };
		E06E85311F2592C800E76D1B /* Base */ = {isa = PBXFileReference; lastKnownFileType = file.storyboard; name = Base; path = Base.lproj/Main.storyboard; sourceTree = "<group>"; };
		E06E85341F2592C800E76D1B /* Training_iOS_HoaLT_Exercise_3.xcdatamodel */ = {isa = PBXFileReference; lastKnownFileType = wrapper.xcdatamodel; path = Training_iOS_HoaLT_Exercise_3.xcdatamodel; sourceTree = "<group>"; };
		E06E85361F2592C800E76D1B /* Assets.xcassets */ = {isa = PBXFileReference; lastKnownFileType = folder.assetcatalog; path = Assets.xcassets; sourceTree = "<group>"; };
		E06E85391F2592C800E76D1B /* Base */ = {isa = PBXFileReference; lastKnownFileType = file.storyboard; name = Base; path = Base.lproj/LaunchScreen.storyboard; sourceTree = "<group>"; };
		E06E853B1F2592C800E76D1B /* Info.plist */ = {isa = PBXFileReference; lastKnownFileType = text.plist.xml; path = Info.plist; sourceTree = "<group>"; };
		E06E85401F2592C800E76D1B /* Training iOS HoaLT Exercise 3Tests.xctest */ = {isa = PBXFileReference; explicitFileType = wrapper.cfbundle; includeInIndex = 0; path = "Training iOS HoaLT Exercise 3Tests.xctest"; sourceTree = BUILT_PRODUCTS_DIR; };
		E06E85441F2592C800E76D1B /* Training_iOS_HoaLT_Exercise_3Tests.swift */ = {isa = PBXFileReference; lastKnownFileType = sourcecode.swift; path = Training_iOS_HoaLT_Exercise_3Tests.swift; sourceTree = "<group>"; };
		E06E85461F2592C800E76D1B /* Info.plist */ = {isa = PBXFileReference; lastKnownFileType = text.plist.xml; path = Info.plist; sourceTree = "<group>"; };
		E06E854B1F2592C800E76D1B /* Training iOS HoaLT Exercise 3UITests.xctest */ = {isa = PBXFileReference; explicitFileType = wrapper.cfbundle; includeInIndex = 0; path = "Training iOS HoaLT Exercise 3UITests.xctest"; sourceTree = BUILT_PRODUCTS_DIR; };
		E06E854F1F2592C800E76D1B /* Training_iOS_HoaLT_Exercise_3UITests.swift */ = {isa = PBXFileReference; lastKnownFileType = sourcecode.swift; path = Training_iOS_HoaLT_Exercise_3UITests.swift; sourceTree = "<group>"; };
		E06E85511F2592C800E76D1B /* Info.plist */ = {isa = PBXFileReference; lastKnownFileType = text.plist.xml; path = Info.plist; sourceTree = "<group>"; };
/* End PBXFileReference section */

/* Begin PBXFrameworksBuildPhase section */
		E06E85261F2592C800E76D1B /* Frameworks */ = {
			isa = PBXFrameworksBuildPhase;
			buildActionMask = 2147483647;
			files = (
			);
			runOnlyForDeploymentPostprocessing = 0;
		};
		E06E853D1F2592C800E76D1B /* Frameworks */ = {
			isa = PBXFrameworksBuildPhase;
			buildActionMask = 2147483647;
			files = (
			);
			runOnlyForDeploymentPostprocessing = 0;
		};
		E06E85481F2592C800E76D1B /* Frameworks */ = {
			isa = PBXFrameworksBuildPhase;
			buildActionMask = 2147483647;
			files = (
			);
			runOnlyForDeploymentPostprocessing = 0;
		};
/* End PBXFrameworksBuildPhase section */

/* Begin PBXGroup section */
		E06E85201F2592C800E76D1B = {
			isa = PBXGroup;
			children = (
				E06E852B1F2592C800E76D1B /* Training iOS HoaLT Exercise 3 */,
				E06E85431F2592C800E76D1B /* Training iOS HoaLT Exercise 3Tests */,
				E06E854E1F2592C800E76D1B /* Training iOS HoaLT Exercise 3UITests */,
				E06E852A1F2592C800E76D1B /* Products */,
			);
			sourceTree = "<group>";
		};
		E06E852A1F2592C800E76D1B /* Products */ = {
			isa = PBXGroup;
			children = (
				E06E85291F2592C800E76D1B /* Training iOS HoaLT Exercise 3.app */,
				E06E85401F2592C800E76D1B /* Training iOS HoaLT Exercise 3Tests.xctest */,
				E06E854B1F2592C800E76D1B /* Training iOS HoaLT Exercise 3UITests.xctest */,
			);
			name = Products;
			sourceTree = "<group>";
		};
		E06E852B1F2592C800E76D1B /* Training iOS HoaLT Exercise 3 */ = {
			isa = PBXGroup;
			children = (
				E06E852C1F2592C800E76D1B /* AppDelegate.swift */,
				E06E852E1F2592C800E76D1B /* ViewController.swift */,
				E06E85301F2592C800E76D1B /* Main.storyboard */,
				E06E85361F2592C800E76D1B /* Assets.xcassets */,
				E06E85381F2592C800E76D1B /* LaunchScreen.storyboard */,
				E06E853B1F2592C800E76D1B /* Info.plist */,
				E06E85331F2592C800E76D1B /* Training_iOS_HoaLT_Exercise_3.xcdatamodeld */,
			);
			path = "Training iOS HoaLT Exercise 3";
			sourceTree = "<group>";
		};
		E06E85431F2592C800E76D1B /* Training iOS HoaLT Exercise 3Tests */ = {
			isa = PBXGroup;
			children = (
				E06E85441F2592C800E76D1B /* Training_iOS_HoaLT_Exercise_3Tests.swift */,
				E06E85461F2592C800E76D1B /* Info.plist */,
			);
			path = "Training iOS HoaLT Exercise 3Tests";
			sourceTree = "<group>";
		};
		E06E854E1F2592C800E76D1B /* Training iOS HoaLT Exercise 3UITests */ = {
			isa = PBXGroup;
			children = (
				E06E854F1F2592C800E76D1B /* Training_iOS_HoaLT_Exercise_3UITests.swift */,
				E06E85511F2592C800E76D1B /* Info.plist */,
			);
			path = "Training iOS HoaLT Exercise 3UITests";
			sourceTree = "<group>";
		};
/* End PBXGroup section */

/* Begin PBXNativeTarget section */
		E06E85281F2592C800E76D1B /* Training iOS HoaLT Exercise 3 */ = {
			isa = PBXNativeTarget;
			buildConfigurationList = E06E85541F2592C800E76D1B /* Build configuration list for PBXNativeTarget "Training iOS HoaLT Exercise 3" */;
			buildPhases = (
				E06E85251F2592C800E76D1B /* Sources */,
				E06E85261F2592C800E76D1B /* Frameworks */,
				E06E85271F2592C800E76D1B /* Resources */,
			);
			buildRules = (
			);
			dependencies = (
			);
			name = "Training iOS HoaLT Exercise 3";
			productName = "Training iOS HoaLT Exercise 3";
			productReference = E06E85291F2592C800E76D1B /* Training iOS HoaLT Exercise 3.app */;
			productType = "com.apple.product-type.application";
		};
		E06E853F1F2592C800E76D1B /* Training iOS HoaLT Exercise 3Tests */ = {
			isa = PBXNativeTarget;
			buildConfigurationList = E06E85571F2592C800E76D1B /* Build configuration list for PBXNativeTarget "Training iOS HoaLT Exercise 3Tests" */;
			buildPhases = (
				E06E853C1F2592C800E76D1B /* Sources */,
				E06E853D1F2592C800E76D1B /* Frameworks */,
				E06E853E1F2592C800E76D1B /* Resources */,
			);
			buildRules = (
			);
			dependencies = (
				E06E85421F2592C800E76D1B /* PBXTargetDependency */,
			);
			name = "Training iOS HoaLT Exercise 3Tests";
			productName = "Training iOS HoaLT Exercise 3Tests";
			productReference = E06E85401F2592C800E76D1B /* Training iOS HoaLT Exercise 3Tests.xctest */;
			productType = "com.apple.product-type.bundle.unit-test";
		};
		E06E854A1F2592C800E76D1B /* Training iOS HoaLT Exercise 3UITests */ = {
			isa = PBXNativeTarget;
			buildConfigurationList = E06E855A1F2592C800E76D1B /* Build configuration list for PBXNativeTarget "Training iOS HoaLT Exercise 3UITests" */;
			buildPhases = (
				E06E85471F2592C800E76D1B /* Sources */,
				E06E85481F2592C800E76D1B /* Frameworks */,
				E06E85491F2592C800E76D1B /* Resources */,
			);
			buildRules = (
			);
			dependencies = (
				E06E854D1F2592C800E76D1B /* PBXTargetDependency */,
			);
			name = "Training iOS HoaLT Exercise 3UITests";
			productName = "Training iOS HoaLT Exercise 3UITests";
			productReference = E06E854B1F2592C800E76D1B /* Training iOS HoaLT Exercise 3UITests.xctest */;
			productType = "com.apple.product-type.bundle.ui-testing";
		};
/* End PBXNativeTarget section */

/* Begin PBXProject section */
		E06E85211F2592C800E76D1B /* Project object */ = {
			isa = PBXProject;
			attributes = {
				LastSwiftUpdateCheck = 0830;
				LastUpgradeCheck = 0830;
				ORGANIZATIONNAME = "Vinh Dang Duc";
				TargetAttributes = {
					E06E85281F2592C800E76D1B = {
						CreatedOnToolsVersion = 8.3.3;
						DevelopmentTeam = JG8ZC98S7M;
						ProvisioningStyle = Automatic;
					};
					E06E853F1F2592C800E76D1B = {
						CreatedOnToolsVersion = 8.3.3;
						DevelopmentTeam = JG8ZC98S7M;
						ProvisioningStyle = Automatic;
						TestTargetID = E06E85281F2592C800E76D1B;
					};
					E06E854A1F2592C800E76D1B = {
						CreatedOnToolsVersion = 8.3.3;
						DevelopmentTeam = JG8ZC98S7M;
						ProvisioningStyle = Automatic;
						TestTargetID = E06E85281F2592C800E76D1B;
					};
				};
			};
			buildConfigurationList = E06E85241F2592C800E76D1B /* Build configuration list for PBXProject "Training iOS HoaLT Exercise 3" */;
			compatibilityVersion = "Xcode 3.2";
			developmentRegion = English;
			hasScannedForEncodings = 0;
			knownRegions = (
				en,
				Base,
			);
			mainGroup = E06E85201F2592C800E76D1B;
			productRefGroup = E06E852A1F2592C800E76D1B /* Products */;
			projectDirPath = "";
			projectRoot = "";
			targets = (
				E06E85281F2592C800E76D1B /* Training iOS HoaLT Exercise 3 */,
				E06E853F1F2592C800E76D1B /* Training iOS HoaLT Exercise 3Tests */,
				E06E854A1F2592C800E76D1B /* Training iOS HoaLT Exercise 3UITests */,
			);
		};
/* End PBXProject section */

/* Begin PBXResourcesBuildPhase section */
		E06E85271F2592C800E76D1B /* Resources */ = {
			isa = PBXResourcesBuildPhase;
			buildActionMask = 2147483647;
			files = (
				E06E853A1F2592C800E76D1B /* LaunchScreen.storyboard in Resources */,
				E06E85371F2592C800E76D1B /* Assets.xcassets in Resources */,
				E06E85321F2592C800E76D1B /* Main.storyboard in Resources */,
			);
			runOnlyForDeploymentPostprocessing = 0;
		};
		E06E853E1F2592C800E76D1B /* Resources */ = {
			isa = PBXResourcesBuildPhase;
			buildActionMask = 2147483647;
			files = (
			);
			runOnlyForDeploymentPostprocessing = 0;
		};
		E06E85491F2592C800E76D1B /* Resources */ = {
			isa = PBXResourcesBuildPhase;
			buildActionMask = 2147483647;
			files = (
			);
			runOnlyForDeploymentPostprocessing = 0;
		};
/* End PBXResourcesBuildPhase section */

/* Begin PBXSourcesBuildPhase section */
		E06E85251F2592C800E76D1B /* Sources */ = {
			isa = PBXSourcesBuildPhase;
			buildActionMask = 2147483647;
			files = (
				E06E852F1F2592C800E76D1B /* ViewController.swift in Sources */,
				E06E852D1F2592C800E76D1B /* AppDelegate.swift in Sources */,
				E06E85351F2592C800E76D1B /* Training_iOS_HoaLT_Exercise_3.xcdatamodeld in Sources */,
			);
			runOnlyForDeploymentPostprocessing = 0;
		};
		E06E853C1F2592C800E76D1B /* Sources */ = {
			isa = PBXSourcesBuildPhase;
			buildActionMask = 2147483647;
			files = (
				E06E85451F2592C800E76D1B /* Training_iOS_HoaLT_Exercise_3Tests.swift in Sources */,
			);
			runOnlyForDeploymentPostprocessing = 0;
		};
		E06E85471F2592C800E76D1B /* Sources */ = {
			isa = PBXSourcesBuildPhase;
			buildActionMask = 2147483647;
			files = (
				E06E85501F2592C800E76D1B /* Training_iOS_HoaLT_Exercise_3UITests.swift in Sources */,
			);
			runOnlyForDeploymentPostprocessing = 0;
		};
/* End PBXSourcesBuildPhase section */

/* Begin PBXTargetDependency section */
		E06E85421F2592C800E76D1B /* PBXTargetDependency */ = {
			isa = PBXTargetDependency;
			target = E06E85281F2592C800E76D1B /* Training iOS HoaLT Exercise 3 */;
			targetProxy = E06E85411F2592C800E76D1B /* PBXContainerItemProxy */;
		};
		E06E854D1F2592C800E76D1B /* PBXTargetDependency */ = {
			isa = PBXTargetDependency;
			target = E06E85281F2592C800E76D1B /* Training iOS HoaLT Exercise 3 */;
			targetProxy = E06E854C1F2592C800E76D1B /* PBXContainerItemProxy */;
		};
/* End PBXTargetDependency section */

/* Begin PBXVariantGroup section */
		E06E85301F2592C800E76D1B /* Main.storyboard */ = {
			isa = PBXVariantGroup;
			children = (
				E06E85311F2592C800E76D1B /* Base */,
			);
			name = Main.storyboard;
			sourceTree = "<group>";
		};
		E06E85381F2592C800E76D1B /* LaunchScreen.storyboard */ = {
			isa = PBXVariantGroup;
			children = (
				E06E85391F2592C800E76D1B /* Base */,
			);
			name = LaunchScreen.storyboard;
			sourceTree = "<group>";
		};
/* End PBXVariantGroup section */

/* Begin XCBuildConfiguration section */
		E06E85521F2592C800E76D1B /* Debug */ = {
			isa = XCBuildConfiguration;
			buildSettings = {
				ALWAYS_SEARCH_USER_PATHS = NO;
				CLANG_ANALYZER_NONNULL = YES;
				CLANG_ANALYZER_NUMBER_OBJECT_CONVERSION = YES_AGGRESSIVE;
				CLANG_CXX_LANGUAGE_STANDARD = "gnu++0x";
				CLANG_CXX_LIBRARY = "libc++";
				CLANG_ENABLE_MODULES = YES;
				CLANG_ENABLE_OBJC_ARC = YES;
				CLANG_WARN_BOOL_CONVERSION = YES;
				CLANG_WARN_CONSTANT_CONVERSION = YES;
				CLANG_WARN_DIRECT_OBJC_ISA_USAGE = YES_ERROR;
				CLANG_WARN_DOCUMENTATION_COMMENTS = YES;
				CLANG_WARN_EMPTY_BODY = YES;
				CLANG_WARN_ENUM_CONVERSION = YES;
				CLANG_WARN_INFINITE_RECURSION = YES;
				CLANG_WARN_INT_CONVERSION = YES;
				CLANG_WARN_OBJC_ROOT_CLASS = YES_ERROR;
				CLANG_WARN_SUSPICIOUS_MOVE = YES;
				CLANG_WARN_UNREACHABLE_CODE = YES;
				CLANG_WARN__DUPLICATE_METHOD_MATCH = YES;
				"CODE_SIGN_IDENTITY[sdk=iphoneos*]" = "iPhone Developer";
				COPY_PHASE_STRIP = NO;
				DEBUG_INFORMATION_FORMAT = dwarf;
				ENABLE_STRICT_OBJC_MSGSEND = YES;
				ENABLE_TESTABILITY = YES;
				GCC_C_LANGUAGE_STANDARD = gnu99;
				GCC_DYNAMIC_NO_PIC = NO;
				GCC_NO_COMMON_BLOCKS = YES;
				GCC_OPTIMIZATION_LEVEL = 0;
				GCC_PREPROCESSOR_DEFINITIONS = (
					"DEBUG=1",
					"$(inherited)",
				);
				GCC_WARN_64_TO_32_BIT_CONVERSION = YES;
				GCC_WARN_ABOUT_RETURN_TYPE = YES_ERROR;
				GCC_WARN_UNDECLARED_SELECTOR = YES;
				GCC_WARN_UNINITIALIZED_AUTOS = YES_AGGRESSIVE;
				GCC_WARN_UNUSED_FUNCTION = YES;
				GCC_WARN_UNUSED_VARIABLE = YES;
				IPHONEOS_DEPLOYMENT_TARGET = 10.3;
				MTL_ENABLE_DEBUG_INFO = YES;
				ONLY_ACTIVE_ARCH = YES;
				SDKROOT = iphoneos;
				SWIFT_ACTIVE_COMPILATION_CONDITIONS = DEBUG;
				SWIFT_OPTIMIZATION_LEVEL = "-Onone";
				TARGETED_DEVICE_FAMILY = "1,2";
			};
			name = Debug;
		};
		E06E85531F2592C800E76D1B /* Release */ = {
			isa = XCBuildConfiguration;
			buildSettings = {
				ALWAYS_SEARCH_USER_PATHS = NO;
				CLANG_ANALYZER_NONNULL = YES;
				CLANG_ANALYZER_NUMBER_OBJECT_CONVERSION = YES_AGGRESSIVE;
				CLANG_CXX_LANGUAGE_STANDARD = "gnu++0x";
				CLANG_CXX_LIBRARY = "libc++";
				CLANG_ENABLE_MODULES = YES;
				CLANG_ENABLE_OBJC_ARC = YES;
				CLANG_WARN_BOOL_CONVERSION = YES;
				CLANG_WARN_CONSTANT_CONVERSION = YES;
				CLANG_WARN_DIRECT_OBJC_ISA_USAGE = YES_ERROR;
				CLANG_WARN_DOCUMENTATION_COMMENTS = YES;
				CLANG_WARN_EMPTY_BODY = YES;
				CLANG_WARN_ENUM_CONVERSION = YES;
				CLANG_WARN_INFINITE_RECURSION = YES;
				CLANG_WARN_INT_CONVERSION = YES;
				CLANG_WARN_OBJC_ROOT_CLASS = YES_ERROR;
				CLANG_WARN_SUSPICIOUS_MOVE = YES;
				CLANG_WARN_UNREACHABLE_CODE = YES;
				CLANG_WARN__DUPLICATE_METHOD_MATCH = YES;
				"CODE_SIGN_IDENTITY[sdk=iphoneos*]" = "iPhone Developer";
				COPY_PHASE_STRIP = NO;
				DEBUG_INFORMATION_FORMAT = "dwarf-with-dsym";
				ENABLE_NS_ASSERTIONS = NO;
				ENABLE_STRICT_OBJC_MSGSEND = YES;
				GCC_C_LANGUAGE_STANDARD = gnu99;
				GCC_NO_COMMON_BLOCKS = YES;
				GCC_WARN_64_TO_32_BIT_CONVERSION = YES;
				GCC_WARN_ABOUT_RETURN_TYPE = YES_ERROR;
				GCC_WARN_UNDECLARED_SELECTOR = YES;
				GCC_WARN_UNINITIALIZED_AUTOS = YES_AGGRESSIVE;
				GCC_WARN_UNUSED_FUNCTION = YES;
				GCC_WARN_UNUSED_VARIABLE = YES;
				IPHONEOS_DEPLOYMENT_TARGET = 10.3;
				MTL_ENABLE_DEBUG_INFO = NO;
				SDKROOT = iphoneos;
				SWIFT_OPTIMIZATION_LEVEL = "-Owholemodule";
				TARGETED_DEVICE_FAMILY = "1,2";
				VALIDATE_PRODUCT = YES;
			};
			name = Release;
		};
		E06E85551F2592C800E76D1B /* Debug */ = {
			isa = XCBuildConfiguration;
			buildSettings = {
				ASSETCATALOG_COMPILER_APPICON_NAME = AppIcon;
				DEVELOPMENT_TEAM = JG8ZC98S7M;
				INFOPLIST_FILE = "Training iOS HoaLT Exercise 3/Info.plist";
				LD_RUNPATH_SEARCH_PATHS = "$(inherited) @executable_path/Frameworks";
				PRODUCT_BUNDLE_IDENTIFIER = "com.vinhdd.Training-iOS-HoaLT-Exercise-3";
				PRODUCT_NAME = "$(TARGET_NAME)";
				SWIFT_VERSION = 3.0;
			};
			name = Debug;
		};
		E06E85561F2592C800E76D1B /* Release */ = {
			isa = XCBuildConfiguration;
			buildSettings = {
				ASSETCATALOG_COMPILER_APPICON_NAME = AppIcon;
				DEVELOPMENT_TEAM = JG8ZC98S7M;
				INFOPLIST_FILE = "Training iOS HoaLT Exercise 3/Info.plist";
				LD_RUNPATH_SEARCH_PATHS = "$(inherited) @executable_path/Frameworks";
				PRODUCT_BUNDLE_IDENTIFIER = "com.vinhdd.Training-iOS-HoaLT-Exercise-3";
				PRODUCT_NAME = "$(TARGET_NAME)";
				SWIFT_VERSION = 3.0;
			};
			name = Release;
		};
		E06E85581F2592C800E76D1B /* Debug */ = {
			isa = XCBuildConfiguration;
			buildSettings = {
				ALWAYS_EMBED_SWIFT_STANDARD_LIBRARIES = YES;
				BUNDLE_LOADER = "$(TEST_HOST)";
				DEVELOPMENT_TEAM = JG8ZC98S7M;
				INFOPLIST_FILE = "Training iOS HoaLT Exercise 3Tests/Info.plist";
				LD_RUNPATH_SEARCH_PATHS = "$(inherited) @executable_path/Frameworks @loader_path/Frameworks";
				PRODUCT_BUNDLE_IDENTIFIER = "com.vinhdd.Training-iOS-HoaLT-Exercise-3Tests";
				PRODUCT_NAME = "$(TARGET_NAME)";
				SWIFT_VERSION = 3.0;
				TEST_HOST = "$(BUILT_PRODUCTS_DIR)/Training iOS HoaLT Exercise 3.app/Training iOS HoaLT Exercise 3";
			};
			name = Debug;
		};
		E06E85591F2592C800E76D1B /* Release */ = {
			isa = XCBuildConfiguration;
			buildSettings = {
				ALWAYS_EMBED_SWIFT_STANDARD_LIBRARIES = YES;
				BUNDLE_LOADER = "$(TEST_HOST)";
				DEVELOPMENT_TEAM = JG8ZC98S7M;
				INFOPLIST_FILE = "Training iOS HoaLT Exercise 3Tests/Info.plist";
				LD_RUNPATH_SEARCH_PATHS = "$(inherited) @executable_path/Frameworks @loader_path/Frameworks";
				PRODUCT_BUNDLE_IDENTIFIER = "com.vinhdd.Training-iOS-HoaLT-Exercise-3Tests";
				PRODUCT_NAME = "$(TARGET_NAME)";
				SWIFT_VERSION = 3.0;
				TEST_HOST = "$(BUILT_PRODUCTS_DIR)/Training iOS HoaLT Exercise 3.app/Training iOS HoaLT Exercise 3";
			};
			name = Release;
		};
		E06E855B1F2592C800E76D1B /* Debug */ = {
			isa = XCBuildConfiguration;
			buildSettings = {
				ALWAYS_EMBED_SWIFT_STANDARD_LIBRARIES = YES;
				DEVELOPMENT_TEAM = JG8ZC98S7M;
				INFOPLIST_FILE = "Training iOS HoaLT Exercise 3UITests/Info.plist";
				LD_RUNPATH_SEARCH_PATHS = "$(inherited) @executable_path/Frameworks @loader_path/Frameworks";
				PRODUCT_BUNDLE_IDENTIFIER = "com.vinhdd.Training-iOS-HoaLT-Exercise-3UITests";
				PRODUCT_NAME = "$(TARGET_NAME)";
				SWIFT_VERSION = 3.0;
				TEST_TARGET_NAME = "Training iOS HoaLT Exercise 3";
			};
			name = Debug;
		};
		E06E855C1F2592C800E76D1B /* Release */ = {
			isa = XCBuildConfiguration;
			buildSettings = {
				ALWAYS_EMBED_SWIFT_STANDARD_LIBRARIES = YES;
				DEVELOPMENT_TEAM = JG8ZC98S7M;
				INFOPLIST_FILE = "Training iOS HoaLT Exercise 3UITests/Info.plist";
				LD_RUNPATH_SEARCH_PATHS = "$(inherited) @executable_path/Frameworks @loader_path/Frameworks";
				PRODUCT_BUNDLE_IDENTIFIER = "com.vinhdd.Training-iOS-HoaLT-Exercise-3UITests";
				PRODUCT_NAME = "$(TARGET_NAME)";
				SWIFT_VERSION = 3.0;
				TEST_TARGET_NAME = "Training iOS HoaLT Exercise 3";
			};
			name = Release;
		};
/* End XCBuildConfiguration section */

/* Begin XCConfigurationList section */
		E06E85241F2592C800E76D1B /* Build configuration list for PBXProject "Training iOS HoaLT Exercise 3" */ = {
			isa = XCConfigurationList;
			buildConfigurations = (
				E06E85521F2592C800E76D1B /* Debug */,
				E06E85531F2592C800E76D1B /* Release */,
			);
			defaultConfigurationIsVisible = 0;
			defaultConfigurationName = Release;
		};
		E06E85541F2592C800E76D1B /* Build configuration list for PBXNativeTarget "Training iOS HoaLT Exercise 3" */ = {
			isa = XCConfigurationList;
			buildConfigurations = (
				E06E85551F2592C800E76D1B /* Debug */,
				E06E85561F2592C800E76D1B /* Release */,
			);
			defaultConfigurationIsVisible = 0;
		};
		E06E85571F2592C800E76D1B /* Build configuration list for PBXNativeTarget "Training iOS HoaLT Exercise 3Tests" */ = {
			isa = XCConfigurationList;
			buildConfigurations = (
				E06E85581F2592C800E76D1B /* Debug */,
				E06E85591F2592C800E76D1B /* Release */,
			);
			defaultConfigurationIsVisible = 0;
		};
		E06E855A1F2592C800E76D1B /* Build configuration list for PBXNativeTarget "Training iOS HoaLT Exercise 3UITests" */ = {
			isa = XCConfigurationList;
			buildConfigurations = (
				E06E855B1F2592C800E76D1B /* Debug */,
				E06E855C1F2592C800E76D1B /* Release */,
			);
			defaultConfigurationIsVisible = 0;
		};
/* End XCConfigurationList section */

/* Begin XCVersionGroup section */
		E06E85331F2592C800E76D1B /* Training_iOS_HoaLT_Exercise_3.xcdatamodeld */ = {
			isa = XCVersionGroup;
			children = (
				E06E85341F2592C800E76D1B /* Training_iOS_HoaLT_Exercise_3.xcdatamodel */,
			);
			currentVersion = E06E85341F2592C800E76D1B /* Training_iOS_HoaLT_Exercise_3.xcdatamodel */;
			path = Training_iOS_HoaLT_Exercise_3.xcdatamodeld;
			sourceTree = "<group>";
			versionGroupType = wrapper.xcdatamodel;
		};
/* End XCVersionGroup section */
	};
	rootObject = E06E85211F2592C800E76D1B /* Project object */;
}
